
Microsoft Visual Studio Solution File, Format Version 12.00
# Visual Studio Version 16
VisualStudioVersion = 16.0.28721.148
MinimumVisualStudioVersion = 10.0.40219.1
Project("{FAE04EC0-301F-11D3-BF4B-00C04F79EFBC}") = "CartExtension", "CartExtension\CartExtension.csproj", "{34A61190-994D-4C20-82F4-C259346EC991}"
EndProject
Project("{FAE04EC0-301F-11D3-BF4B-00C04F79EFBC}") = "Demo", "Demo\Demo.csproj", "{AE3D320B-D7A9-40A9-883C-773909AC16D2}"
EndProject
Global
	GlobalSection(SolutionConfigurationPlatforms) = preSolution
		Debug|Any CPU = Debug|Any CPU
		Release|Any CPU = Release|Any CPU
	EndGlobalSection
	GlobalSection(ProjectConfigurationPlatforms) = postSolution
		{34A61190-994D-4C20-82F4-C259346EC991}.Debug|Any CPU.ActiveCfg = Debug|Any CPU
		{34A61190-994D-4C20-82F4-C259346EC991}.Debug|Any CPU.Build.0 = Debug|Any CPU
		{34A61190-994D-4C20-82F4-C259346EC991}.Release|Any CPU.ActiveCfg = Release|Any CPU
		{34A61190-994D-4C20-82F4-C259346EC991}.Release|Any CPU.Build.0 = Release|Any CPU
		{AE3D320B-D7A9-40A9-883C-773909AC16D2}.Debug|Any CPU.ActiveCfg = Debug|Any CPU
		{AE3D320B-D7A9-40A9-883C-773909AC16D2}.Debug|Any CPU.Build.0 = Debug|Any CPU
		{AE3D320B-D7A9-40A9-883C-773909AC16D2}.Release|Any CPU.ActiveCfg = Release|Any CPU
		{AE3D320B-D7A9-40A9-883C-773909AC16D2}.Release|Any CPU.Build.0 = Release|Any CPU
	EndGlobalSection
	GlobalSection(SolutionProperties) = preSolution
		HideSolutionNode = FALSE
	EndGlobalSection
	GlobalSection(ExtensibilityGlobals) = postSolution
		SolutionGuid = {96E564DB-90A4-4230-B3E6-C3AA79C97FEF}
	EndGlobalSection
EndGlobal
